
Microsoft Visual Studio Solution File, Format Version 12.00
# Visual Studio Version 17
VisualStudioVersion = 17.8.34525.116
MinimumVisualStudioVersion = 10.0.40219.1
Project("{9A19103F-16F7-4668-BE54-9A1E7A4F7556}") = "UsuarioAPI-DotNet8", "UsuarioAPI-DotNet8\UsuarioAPI-DotNet8.csproj", "{57B65BB4-2C2C-48A4-84FF-D5ACE93462C3}"
EndProject
Project("{FAE04EC0-301F-11D3-BF4B-00C04F79EFBC}") = "TestProject1", "TestProject1\TestProject1.csproj", "{C2FB9B74-4962-4220-9F4C-D796D9C7AE69}"
EndProject
Global
	GlobalSection(SolutionConfigurationPlatforms) = preSolution
		Debug|Any CPU = Debug|Any CPU
		Release|Any CPU = Release|Any CPU
	EndGlobalSection
	GlobalSection(ProjectConfigurationPlatforms) = postSolution
		{57B65BB4-2C2C-48A4-84FF-D5ACE93462C3}.Debug|Any CPU.ActiveCfg = Debug|Any CPU
		{57B65BB4-2C2C-48A4-84FF-D5ACE93462C3}.Debug|Any CPU.Build.0 = Debug|Any CPU
		{57B65BB4-2C2C-48A4-84FF-D5ACE93462C3}.Release|Any CPU.ActiveCfg = Release|Any CPU
		{57B65BB4-2C2C-48A4-84FF-D5ACE93462C3}.Release|Any CPU.Build.0 = Release|Any CPU
		{C2FB9B74-4962-4220-9F4C-D796D9C7AE69}.Debug|Any CPU.ActiveCfg = Debug|Any CPU
		{C2FB9B74-4962-4220-9F4C-D796D9C7AE69}.Debug|Any CPU.Build.0 = Debug|Any CPU
		{C2FB9B74-4962-4220-9F4C-D796D9C7AE69}.Release|Any CPU.ActiveCfg = Release|Any CPU
		{C2FB9B74-4962-4220-9F4C-D796D9C7AE69}.Release|Any CPU.Build.0 = Release|Any CPU
	EndGlobalSection
	GlobalSection(SolutionProperties) = preSolution
		HideSolutionNode = FALSE
	EndGlobalSection
	GlobalSection(ExtensibilityGlobals) = postSolution
		SolutionGuid = {2669E003-706B-4B23-A3C7-B07DAFA51783}
	EndGlobalSection
EndGlobal
